
Microsoft Visual Studio Solution File, Format Version 12.00
# Visual Studio Version 16
VisualStudioVersion = 16.0.31205.134
MinimumVisualStudioVersion = 10.0.40219.1
Project("{9A19103F-16F7-4668-BE54-9A1E7A4F7556}") = "NotificationsHandling", "NotificationsHandling\NotificationsHandling.csproj", "{F2E27C25-8B61-4F58-997E-E48B1D806EA0}"
EndProject
Project("{FAE04EC0-301F-11D3-BF4B-00C04F79EFBC}") = "QueueingMechanisms", "QueueingMechanisms\QueueingMechanisms.csproj", "{60FCA099-CF30-4E15-9632-1D3635575C23}"
EndProject
Global
	GlobalSection(SolutionConfigurationPlatforms) = preSolution
		Debug|Any CPU = Debug|Any CPU
		Release|Any CPU = Release|Any CPU
	EndGlobalSection
	GlobalSection(ProjectConfigurationPlatforms) = postSolution
		{F2E27C25-8B61-4F58-997E-E48B1D806EA0}.Debug|Any CPU.ActiveCfg = Debug|Any CPU
		{F2E27C25-8B61-4F58-997E-E48B1D806EA0}.Debug|Any CPU.Build.0 = Debug|Any CPU
		{F2E27C25-8B61-4F58-997E-E48B1D806EA0}.Release|Any CPU.ActiveCfg = Release|Any CPU
		{F2E27C25-8B61-4F58-997E-E48B1D806EA0}.Release|Any CPU.Build.0 = Release|Any CPU
		{60FCA099-CF30-4E15-9632-1D3635575C23}.Debug|Any CPU.ActiveCfg = Debug|Any CPU
		{60FCA099-CF30-4E15-9632-1D3635575C23}.Debug|Any CPU.Build.0 = Debug|Any CPU
		{60FCA099-CF30-4E15-9632-1D3635575C23}.Release|Any CPU.ActiveCfg = Release|Any CPU
		{60FCA099-CF30-4E15-9632-1D3635575C23}.Release|Any CPU.Build.0 = Release|Any CPU
	EndGlobalSection
	GlobalSection(SolutionProperties) = preSolution
		HideSolutionNode = FALSE
	EndGlobalSection
	GlobalSection(ExtensibilityGlobals) = postSolution
		SolutionGuid = {595BB4C1-3AF8-4BDD-8AEC-E4293472C830}
	EndGlobalSection
EndGlobal
